
Microsoft Visual Studio Solution File, Format Version 12.00
# Visual Studio Version 16
VisualStudioVersion = 16.0.29806.167
MinimumVisualStudioVersion = 10.0.40219.1
Project("{FAE04EC0-301F-11D3-BF4B-00C04F79EFBC}") = "Bearing", "Bearing\Bearing.csproj", "{ED652F66-3AD1-44AE-A14D-52AB609D8FFE}"
EndProject
Global
	GlobalSection(SolutionConfigurationPlatforms) = preSolution
		Debug|Any CPU = Debug|Any CPU
		Release|Any CPU = Release|Any CPU
	EndGlobalSection
	GlobalSection(ProjectConfigurationPlatforms) = postSolution
		{ED652F66-3AD1-44AE-A14D-52AB609D8FFE}.Debug|Any CPU.ActiveCfg = Debug|Any CPU
		{ED652F66-3AD1-44AE-A14D-52AB609D8FFE}.Debug|Any CPU.Build.0 = Debug|Any CPU
		{ED652F66-3AD1-44AE-A14D-52AB609D8FFE}.Release|Any CPU.ActiveCfg = Release|Any CPU
		{ED652F66-3AD1-44AE-A14D-52AB609D8FFE}.Release|Any CPU.Build.0 = Release|Any CPU
	EndGlobalSection
	GlobalSection(SolutionProperties) = preSolution
		HideSolutionNode = FALSE
	EndGlobalSection
	GlobalSection(ExtensibilityGlobals) = postSolution
		SolutionGuid = {1831BD3F-E34A-499F-A84E-089B7CB4EC86}
	EndGlobalSection
EndGlobal
